// !$*UTF8*$!
{
	archiveVersion = 1;
	classes = {
	};
	objectVersion = 48;
	objects = {

/* Begin PBXBuildFile section */
		0EE619EA328A520FB73464C5 /* Pods_XyralityEUITests.framework in Frameworks */ = {isa = PBXBuildFile; fileRef = 2B98EF72C752896EC477C1C9 /* Pods_XyralityEUITests.framework */; };
		2AC175DE1648F2B143A2CF58 /* Pods_XyralityETests.framework in Frameworks */ = {isa = PBXBuildFile; fileRef = DAE32ECE5F3C7BF862B22EEB /* Pods_XyralityETests.framework */; };
		47BF37B7C78FBA8DAA097178 /* Pods_XyralityE.framework in Frameworks */ = {isa = PBXBuildFile; fileRef = 9BE22DCD3F0C777A3C92D72C /* Pods_XyralityE.framework */; };
		B148B8D22032F2F5004E0710 /* AppDelegate.swift in Sources */ = {isa = PBXBuildFile; fileRef = B148B8D12032F2F5004E0710 /* AppDelegate.swift */; };
		B148B8D42032F2F5004E0710 /* ViewController.swift in Sources */ = {isa = PBXBuildFile; fileRef = B148B8D32032F2F5004E0710 /* ViewController.swift */; };
		B148B8D72032F2F5004E0710 /* Main.storyboard in Resources */ = {isa = PBXBuildFile; fileRef = B148B8D52032F2F5004E0710 /* Main.storyboard */; };
		B148B8D92032F2F5004E0710 /* Assets.xcassets in Resources */ = {isa = PBXBuildFile; fileRef = B148B8D82032F2F5004E0710 /* Assets.xcassets */; };
		B148B8DC2032F2F5004E0710 /* LaunchScreen.storyboard in Resources */ = {isa = PBXBuildFile; fileRef = B148B8DA2032F2F5004E0710 /* LaunchScreen.storyboard */; };
		B148B8E72032F2F5004E0710 /* XyralityETests.swift in Sources */ = {isa = PBXBuildFile; fileRef = B148B8E62032F2F5004E0710 /* XyralityETests.swift */; };
		B148B8F22032F2F5004E0710 /* XyralityEUITests.swift in Sources */ = {isa = PBXBuildFile; fileRef = B148B8F12032F2F5004E0710 /* XyralityEUITests.swift */; };
		B148B9002032F99A004E0710 /* AvailableWorldsController.swift in Sources */ = {isa = PBXBuildFile; fileRef = B148B8FF2032F99A004E0710 /* AvailableWorldsController.swift */; };
		B148B90220330055004E0710 /* Server.swift in Sources */ = {isa = PBXBuildFile; fileRef = B148B90120330055004E0710 /* Server.swift */; };
		B148B9042033009A004E0710 /* JSONParser.swift in Sources */ = {isa = PBXBuildFile; fileRef = B148B9032033009A004E0710 /* JSONParser.swift */; };
		B148B90620331514004E0710 /* PlistToJSONConverter.swift in Sources */ = {isa = PBXBuildFile; fileRef = B148B90520331514004E0710 /* PlistToJSONConverter.swift */; };
		B148B90820331AB2004E0710 /* DeviceData.swift in Sources */ = {isa = PBXBuildFile; fileRef = B148B90720331AB2004E0710 /* DeviceData.swift */; };
/* End PBXBuildFile section */

/* Begin PBXContainerItemProxy section */
		B148B8E32032F2F5004E0710 /* PBXContainerItemProxy */ = {
			isa = PBXContainerItemProxy;
			containerPortal = B148B8C62032F2F4004E0710 /* Project object */;
			proxyType = 1;
			remoteGlobalIDString = B148B8CD2032F2F5004E0710;
			remoteInfo = XyralityE;
		};
		B148B8EE2032F2F5004E0710 /* PBXContainerItemProxy */ = {
			isa = PBXContainerItemProxy;
			containerPortal = B148B8C62032F2F4004E0710 /* Project object */;
			proxyType = 1;
			remoteGlobalIDString = B148B8CD2032F2F5004E0710;
			remoteInfo = XyralityE;
		};
/* End PBXContainerItemProxy section */

/* Begin PBXFileReference section */
		0283FF22F2F8B7467AD8BA6C /* Pods-XyralityEUITests.release.xcconfig */ = {isa = PBXFileReference; includeInIndex = 1; lastKnownFileType = text.xcconfig; name = "Pods-XyralityEUITests.release.xcconfig"; path = "Pods/Target Support Files/Pods-XyralityEUITests/Pods-XyralityEUITests.release.xcconfig"; sourceTree = "<group>"; };
		07BD4C3A208B310D7C970412 /* Pods-XyralityE.release.xcconfig */ = {isa = PBXFileReference; includeInIndex = 1; lastKnownFileType = text.xcconfig; name = "Pods-XyralityE.release.xcconfig"; path = "Pods/Target Support Files/Pods-XyralityE/Pods-XyralityE.release.xcconfig"; sourceTree = "<group>"; };
		2B98EF72C752896EC477C1C9 /* Pods_XyralityEUITests.framework */ = {isa = PBXFileReference; explicitFileType = wrapper.framework; includeInIndex = 0; path = Pods_XyralityEUITests.framework; sourceTree = BUILT_PRODUCTS_DIR; };
		4A6458B614C4209A578E227D /* Pods-XyralityETests.debug.xcconfig */ = {isa = PBXFileReference; includeInIndex = 1; lastKnownFileType = text.xcconfig; name = "Pods-XyralityETests.debug.xcconfig"; path = "Pods/Target Support Files/Pods-XyralityETests/Pods-XyralityETests.debug.xcconfig"; sourceTree = "<group>"; };
		5F2739FE58CF9165DF8A5229 /* Pods-XyralityEUITests.debug.xcconfig */ = {isa = PBXFileReference; includeInIndex = 1; lastKnownFileType = text.xcconfig; name = "Pods-XyralityEUITests.debug.xcconfig"; path = "Pods/Target Support Files/Pods-XyralityEUITests/Pods-XyralityEUITests.debug.xcconfig"; sourceTree = "<group>"; };
		9417BE21A7FAC002D5BB368D /* Pods-XyralityETests.release.xcconfig */ = {isa = PBXFileReference; includeInIndex = 1; lastKnownFileType = text.xcconfig; name = "Pods-XyralityETests.release.xcconfig"; path = "Pods/Target Support Files/Pods-XyralityETests/Pods-XyralityETests.release.xcconfig"; sourceTree = "<group>"; };
		9BE22DCD3F0C777A3C92D72C /* Pods_XyralityE.framework */ = {isa = PBXFileReference; explicitFileType = wrapper.framework; includeInIndex = 0; path = Pods_XyralityE.framework; sourceTree = BUILT_PRODUCTS_DIR; };
		B148B8CE2032F2F5004E0710 /* XyralityE.app */ = {isa = PBXFileReference; explicitFileType = wrapper.application; includeInIndex = 0; path = XyralityE.app; sourceTree = BUILT_PRODUCTS_DIR; };
		B148B8D12032F2F5004E0710 /* AppDelegate.swift */ = {isa = PBXFileReference; lastKnownFileType = sourcecode.swift; path = AppDelegate.swift; sourceTree = "<group>"; };
		B148B8D32032F2F5004E0710 /* ViewController.swift */ = {isa = PBXFileReference; lastKnownFileType = sourcecode.swift; path = ViewController.swift; sourceTree = "<group>"; };
		B148B8D62032F2F5004E0710 /* Base */ = {isa = PBXFileReference; lastKnownFileType = file.storyboard; name = Base; path = Base.lproj/Main.storyboard; sourceTree = "<group>"; };
		B148B8D82032F2F5004E0710 /* Assets.xcassets */ = {isa = PBXFileReference; lastKnownFileType = folder.assetcatalog; path = Assets.xcassets; sourceTree = "<group>"; };
		B148B8DB2032F2F5004E0710 /* Base */ = {isa = PBXFileReference; lastKnownFileType = file.storyboard; name = Base; path = Base.lproj/LaunchScreen.storyboard; sourceTree = "<group>"; };
		B148B8DD2032F2F5004E0710 /* Info.plist */ = {isa = PBXFileReference; lastKnownFileType = text.plist.xml; path = Info.plist; sourceTree = "<group>"; };
		B148B8E22032F2F5004E0710 /* XyralityETests.xctest */ = {isa = PBXFileReference; explicitFileType = wrapper.cfbundle; includeInIndex = 0; path = XyralityETests.xctest; sourceTree = BUILT_PRODUCTS_DIR; };
		B148B8E62032F2F5004E0710 /* XyralityETests.swift */ = {isa = PBXFileReference; lastKnownFileType = sourcecode.swift; path = XyralityETests.swift; sourceTree = "<group>"; };
		B148B8E82032F2F5004E0710 /* Info.plist */ = {isa = PBXFileReference; lastKnownFileType = text.plist.xml; path = Info.plist; sourceTree = "<group>"; };
		B148B8ED2032F2F5004E0710 /* XyralityEUITests.xctest */ = {isa = PBXFileReference; explicitFileType = wrapper.cfbundle; includeInIndex = 0; path = XyralityEUITests.xctest; sourceTree = BUILT_PRODUCTS_DIR; };
		B148B8F12032F2F5004E0710 /* XyralityEUITests.swift */ = {isa = PBXFileReference; lastKnownFileType = sourcecode.swift; path = XyralityEUITests.swift; sourceTree = "<group>"; };
		B148B8F32032F2F5004E0710 /* Info.plist */ = {isa = PBXFileReference; lastKnownFileType = text.plist.xml; path = Info.plist; sourceTree = "<group>"; };
		B148B8FF2032F99A004E0710 /* AvailableWorldsController.swift */ = {isa = PBXFileReference; lastKnownFileType = sourcecode.swift; path = AvailableWorldsController.swift; sourceTree = "<group>"; };
		B148B90120330055004E0710 /* Server.swift */ = {isa = PBXFileReference; lastKnownFileType = sourcecode.swift; path = Server.swift; sourceTree = "<group>"; };
		B148B9032033009A004E0710 /* JSONParser.swift */ = {isa = PBXFileReference; lastKnownFileType = sourcecode.swift; path = JSONParser.swift; sourceTree = "<group>"; };
		B148B90520331514004E0710 /* PlistToJSONConverter.swift */ = {isa = PBXFileReference; lastKnownFileType = sourcecode.swift; path = PlistToJSONConverter.swift; sourceTree = "<group>"; };
		B148B90720331AB2004E0710 /* DeviceData.swift */ = {isa = PBXFileReference; lastKnownFileType = sourcecode.swift; path = DeviceData.swift; sourceTree = "<group>"; };
		CF94AC055460216EA64B723F /* Pods-XyralityE.debug.xcconfig */ = {isa = PBXFileReference; includeInIndex = 1; lastKnownFileType = text.xcconfig; name = "Pods-XyralityE.debug.xcconfig"; path = "Pods/Target Support Files/Pods-XyralityE/Pods-XyralityE.debug.xcconfig"; sourceTree = "<group>"; };
		DAE32ECE5F3C7BF862B22EEB /* Pods_XyralityETests.framework */ = {isa = PBXFileReference; explicitFileType = wrapper.framework; includeInIndex = 0; path = Pods_XyralityETests.framework; sourceTree = BUILT_PRODUCTS_DIR; };
/* End PBXFileReference section */

/* Begin PBXFrameworksBuildPhase section */
		B148B8CB2032F2F5004E0710 /* Frameworks */ = {
			isa = PBXFrameworksBuildPhase;
			buildActionMask = 2147483647;
			files = (
				47BF37B7C78FBA8DAA097178 /* Pods_XyralityE.framework in Frameworks */,
			);
			runOnlyForDeploymentPostprocessing = 0;
		};
		B148B8DF2032F2F5004E0710 /* Frameworks */ = {
			isa = PBXFrameworksBuildPhase;
			buildActionMask = 2147483647;
			files = (
				2AC175DE1648F2B143A2CF58 /* Pods_XyralityETests.framework in Frameworks */,
			);
			runOnlyForDeploymentPostprocessing = 0;
		};
		B148B8EA2032F2F5004E0710 /* Frameworks */ = {
			isa = PBXFrameworksBuildPhase;
			buildActionMask = 2147483647;
			files = (
				0EE619EA328A520FB73464C5 /* Pods_XyralityEUITests.framework in Frameworks */,
			);
			runOnlyForDeploymentPostprocessing = 0;
		};
/* End PBXFrameworksBuildPhase section */

/* Begin PBXGroup section */
		6E42CE9441D1092CBA1FD4AB /* Pods */ = {
			isa = PBXGroup;
			children = (
				CF94AC055460216EA64B723F /* Pods-XyralityE.debug.xcconfig */,
				07BD4C3A208B310D7C970412 /* Pods-XyralityE.release.xcconfig */,
				4A6458B614C4209A578E227D /* Pods-XyralityETests.debug.xcconfig */,
				9417BE21A7FAC002D5BB368D /* Pods-XyralityETests.release.xcconfig */,
				5F2739FE58CF9165DF8A5229 /* Pods-XyralityEUITests.debug.xcconfig */,
				0283FF22F2F8B7467AD8BA6C /* Pods-XyralityEUITests.release.xcconfig */,
			);
			name = Pods;
			sourceTree = "<group>";
		};
		80BBE50C1DF6B59F79D0CB9E /* Frameworks */ = {
			isa = PBXGroup;
			children = (
				9BE22DCD3F0C777A3C92D72C /* Pods_XyralityE.framework */,
				DAE32ECE5F3C7BF862B22EEB /* Pods_XyralityETests.framework */,
				2B98EF72C752896EC477C1C9 /* Pods_XyralityEUITests.framework */,
			);
			name = Frameworks;
			sourceTree = "<group>";
		};
		B148B8C52032F2F4004E0710 = {
			isa = PBXGroup;
			children = (
				B148B8D02032F2F5004E0710 /* XyralityE */,
				B148B8E52032F2F5004E0710 /* XyralityETests */,
				B148B8F02032F2F5004E0710 /* XyralityEUITests */,
				B148B8CF2032F2F5004E0710 /* Products */,
				6E42CE9441D1092CBA1FD4AB /* Pods */,
				80BBE50C1DF6B59F79D0CB9E /* Frameworks */,
			);
			sourceTree = "<group>";
		};
		B148B8CF2032F2F5004E0710 /* Products */ = {
			isa = PBXGroup;
			children = (
				B148B8CE2032F2F5004E0710 /* XyralityE.app */,
				B148B8E22032F2F5004E0710 /* XyralityETests.xctest */,
				B148B8ED2032F2F5004E0710 /* XyralityEUITests.xctest */,
			);
			name = Products;
			sourceTree = "<group>";
		};
		B148B8D02032F2F5004E0710 /* XyralityE */ = {
			isa = PBXGroup;
			children = (
				B148B8D12032F2F5004E0710 /* AppDelegate.swift */,
				B17B557D20345E9800B7C429 /* Model */,
				B17B557C20345E8B00B7C429 /* View */,
				B17B557B20345E7600B7C429 /* Controller */,
				B148B8D82032F2F5004E0710 /* Assets.xcassets */,
				B148B8DD2032F2F5004E0710 /* Info.plist */,
			);
			path = XyralityE;
			sourceTree = "<group>";
		};
		B148B8E52032F2F5004E0710 /* XyralityETests */ = {
			isa = PBXGroup;
			children = (
				B148B8E62032F2F5004E0710 /* XyralityETests.swift */,
				B148B8E82032F2F5004E0710 /* Info.plist */,
			);
			path = XyralityETests;
			sourceTree = "<group>";
		};
		B148B8F02032F2F5004E0710 /* XyralityEUITests */ = {
			isa = PBXGroup;
			children = (
				B148B8F12032F2F5004E0710 /* XyralityEUITests.swift */,
				B148B8F32032F2F5004E0710 /* Info.plist */,
			);
			path = XyralityEUITests;
			sourceTree = "<group>";
		};
		B17B557B20345E7600B7C429 /* Controller */ = {
			isa = PBXGroup;
			children = (
				B148B8D32032F2F5004E0710 /* ViewController.swift */,
				B148B8FF2032F99A004E0710 /* AvailableWorldsController.swift */,
			);
			path = Controller;
			sourceTree = "<group>";
		};
		B17B557C20345E8B00B7C429 /* View */ = {
			isa = PBXGroup;
			children = (
				B148B8DA2032F2F5004E0710 /* LaunchScreen.storyboard */,
				B148B8D52032F2F5004E0710 /* Main.storyboard */,
			);
			path = View;
			sourceTree = "<group>";
		};
		B17B557D20345E9800B7C429 /* Model */ = {
			isa = PBXGroup;
			children = (
				B148B90720331AB2004E0710 /* DeviceData.swift */,
				B148B90120330055004E0710 /* Server.swift */,
				B148B90520331514004E0710 /* PlistToJSONConverter.swift */,
				B148B9032033009A004E0710 /* JSONParser.swift */,
			);
			path = Model;
			sourceTree = "<group>";
		};
/* End PBXGroup section */

/* Begin PBXNativeTarget section */
		B148B8CD2032F2F5004E0710 /* XyralityE */ = {
			isa = PBXNativeTarget;
			buildConfigurationList = B148B8F62032F2F5004E0710 /* Build configuration list for PBXNativeTarget "XyralityE" */;
			buildPhases = (
				B7513740846C4B3C31A43AD5 /* [CP] Check Pods Manifest.lock */,
				B148B8CA2032F2F5004E0710 /* Sources */,
				B148B8CB2032F2F5004E0710 /* Frameworks */,
				B148B8CC2032F2F5004E0710 /* Resources */,
				019E0781C8E43CBE3A028BE7 /* [CP] Embed Pods Frameworks */,
				49B8D3FFC032D1E780E47EBC /* [CP] Copy Pods Resources */,
			);
			buildRules = (
			);
			dependencies = (
			);
			name = XyralityE;
			productName = XyralityE;
			productReference = B148B8CE2032F2F5004E0710 /* XyralityE.app */;
			productType = "com.apple.product-type.application";
		};
		B148B8E12032F2F5004E0710 /* XyralityETests */ = {
			isa = PBXNativeTarget;
			buildConfigurationList = B148B8F92032F2F5004E0710 /* Build configuration list for PBXNativeTarget "XyralityETests" */;
			buildPhases = (
				7F2F9E9681CEEA5AACBDA67B /* [CP] Check Pods Manifest.lock */,
				B148B8DE2032F2F5004E0710 /* Sources */,
				B148B8DF2032F2F5004E0710 /* Frameworks */,
				B148B8E02032F2F5004E0710 /* Resources */,
				58267B2E1550A48FCA3EEEED /* [CP] Embed Pods Frameworks */,
				88B6A35E4BB3E6983E1D2458 /* [CP] Copy Pods Resources */,
			);
			buildRules = (
			);
			dependencies = (
				B148B8E42032F2F5004E0710 /* PBXTargetDependency */,
			);
			name = XyralityETests;
			productName = XyralityETests;
			productReference = B148B8E22032F2F5004E0710 /* XyralityETests.xctest */;
			productType = "com.apple.product-type.bundle.unit-test";
		};
		B148B8EC2032F2F5004E0710 /* XyralityEUITests */ = {
			isa = PBXNativeTarget;
			buildConfigurationList = B148B8FC2032F2F5004E0710 /* Build configuration list for PBXNativeTarget "XyralityEUITests" */;
			buildPhases = (
				A89D7D7B26DC52753EA4287B /* [CP] Check Pods Manifest.lock */,
				B148B8E92032F2F5004E0710 /* Sources */,
				B148B8EA2032F2F5004E0710 /* Frameworks */,
				B148B8EB2032F2F5004E0710 /* Resources */,
				856300B7FB839462D9735B03 /* [CP] Embed Pods Frameworks */,
				ED0D886F85AD4094D301138B /* [CP] Copy Pods Resources */,
			);
			buildRules = (
			);
			dependencies = (
				B148B8EF2032F2F5004E0710 /* PBXTargetDependency */,
			);
			name = XyralityEUITests;
			productName = XyralityEUITests;
			productReference = B148B8ED2032F2F5004E0710 /* XyralityEUITests.xctest */;
			productType = "com.apple.product-type.bundle.ui-testing";
		};
/* End PBXNativeTarget section */

/* Begin PBXProject section */
		B148B8C62032F2F4004E0710 /* Project object */ = {
			isa = PBXProject;
			attributes = {
				LastSwiftUpdateCheck = 0900;
				LastUpgradeCheck = 0900;
				ORGANIZATIONNAME = hilton;
				TargetAttributes = {
					B148B8CD2032F2F5004E0710 = {
						CreatedOnToolsVersion = 9.0;
						ProvisioningStyle = Automatic;
					};
					B148B8E12032F2F5004E0710 = {
						CreatedOnToolsVersion = 9.0;
						ProvisioningStyle = Automatic;
						TestTargetID = B148B8CD2032F2F5004E0710;
					};
					B148B8EC2032F2F5004E0710 = {
						CreatedOnToolsVersion = 9.0;
						ProvisioningStyle = Automatic;
						TestTargetID = B148B8CD2032F2F5004E0710;
					};
				};
			};
			buildConfigurationList = B148B8C92032F2F4004E0710 /* Build configuration list for PBXProject "XyralityE" */;
			compatibilityVersion = "Xcode 8.0";
			developmentRegion = en;
			hasScannedForEncodings = 0;
			knownRegions = (
				en,
				Base,
			);
			mainGroup = B148B8C52032F2F4004E0710;
			productRefGroup = B148B8CF2032F2F5004E0710 /* Products */;
			projectDirPath = "";
			projectRoot = "";
			targets = (
				B148B8CD2032F2F5004E0710 /* XyralityE */,
				B148B8E12032F2F5004E0710 /* XyralityETests */,
				B148B8EC2032F2F5004E0710 /* XyralityEUITests */,
			);
		};
/* End PBXProject section */

/* Begin PBXResourcesBuildPhase section */
		B148B8CC2032F2F5004E0710 /* Resources */ = {
			isa = PBXResourcesBuildPhase;
			buildActionMask = 2147483647;
			files = (
				B148B8DC2032F2F5004E0710 /* LaunchScreen.storyboard in Resources */,
				B148B8D92032F2F5004E0710 /* Assets.xcassets in Resources */,
				B148B8D72032F2F5004E0710 /* Main.storyboard in Resources */,
			);
			runOnlyForDeploymentPostprocessing = 0;
		};
		B148B8E02032F2F5004E0710 /* Resources */ = {
			isa = PBXResourcesBuildPhase;
			buildActionMask = 2147483647;
			files = (
			);
			runOnlyForDeploymentPostprocessing = 0;
		};
		B148B8EB2032F2F5004E0710 /* Resources */ = {
			isa = PBXResourcesBuildPhase;
			buildActionMask = 2147483647;
			files = (
			);
			runOnlyForDeploymentPostprocessing = 0;
		};
/* End PBXResourcesBuildPhase section */

/* Begin PBXShellScriptBuildPhase section */
		019E0781C8E43CBE3A028BE7 /* [CP] Embed Pods Frameworks */ = {
			isa = PBXShellScriptBuildPhase;
			buildActionMask = 2147483647;
			files = (
			);
			inputPaths = (
				"${SRCROOT}/Pods/Target Support Files/Pods-XyralityE/Pods-XyralityE-frameworks.sh",
				"${BUILT_PRODUCTS_DIR}/Alamofire/Alamofire.framework",
				"${BUILT_PRODUCTS_DIR}/SwiftyJSON/SwiftyJSON.framework",
			);
			name = "[CP] Embed Pods Frameworks";
			outputPaths = (
				"${TARGET_BUILD_DIR}/${FRAMEWORKS_FOLDER_PATH}/Alamofire.framework",
				"${TARGET_BUILD_DIR}/${FRAMEWORKS_FOLDER_PATH}/SwiftyJSON.framework",
			);
			runOnlyForDeploymentPostprocessing = 0;
			shellPath = /bin/sh;
			shellScript = "\"${SRCROOT}/Pods/Target Support Files/Pods-XyralityE/Pods-XyralityE-frameworks.sh\"\n";
			showEnvVarsInLog = 0;
		};
		49B8D3FFC032D1E780E47EBC /* [CP] Copy Pods Resources */ = {
			isa = PBXShellScriptBuildPhase;
			buildActionMask = 2147483647;
			files = (
			);
			inputPaths = (
			);
			name = "[CP] Copy Pods Resources";
			outputPaths = (
			);
			runOnlyForDeploymentPostprocessing = 0;
			shellPath = /bin/sh;
			shellScript = "\"${SRCROOT}/Pods/Target Support Files/Pods-XyralityE/Pods-XyralityE-resources.sh\"\n";
			showEnvVarsInLog = 0;
		};
		58267B2E1550A48FCA3EEEED /* [CP] Embed Pods Frameworks */ = {
			isa = PBXShellScriptBuildPhase;
			buildActionMask = 2147483647;
			files = (
			);
			inputPaths = (
			);
			name = "[CP] Embed Pods Frameworks";
			outputPaths = (
			);
			runOnlyForDeploymentPostprocessing = 0;
			shellPath = /bin/sh;
			shellScript = "\"${SRCROOT}/Pods/Target Support Files/Pods-XyralityETests/Pods-XyralityETests-frameworks.sh\"\n";
			showEnvVarsInLog = 0;
		};
		7F2F9E9681CEEA5AACBDA67B /* [CP] Check Pods Manifest.lock */ = {
			isa = PBXShellScriptBuildPhase;
			buildActionMask = 2147483647;
			files = (
			);
			inputPaths = (
				"${PODS_PODFILE_DIR_PATH}/Podfile.lock",
				"${PODS_ROOT}/Manifest.lock",
			);
			name = "[CP] Check Pods Manifest.lock";
			outputPaths = (
				"$(DERIVED_FILE_DIR)/Pods-XyralityETests-checkManifestLockResult.txt",
			);
			runOnlyForDeploymentPostprocessing = 0;
			shellPath = /bin/sh;
			shellScript = "diff \"${PODS_PODFILE_DIR_PATH}/Podfile.lock\" \"${PODS_ROOT}/Manifest.lock\" > /dev/null\nif [ $? != 0 ] ; then\n    # print error to STDERR\n    echo \"error: The sandbox is not in sync with the Podfile.lock. Run 'pod install' or update your CocoaPods installation.\" >&2\n    exit 1\nfi\n# This output is used by Xcode 'outputs' to avoid re-running this script phase.\necho \"SUCCESS\" > \"${SCRIPT_OUTPUT_FILE_0}\"\n";
			showEnvVarsInLog = 0;
		};
		856300B7FB839462D9735B03 /* [CP] Embed Pods Frameworks */ = {
			isa = PBXShellScriptBuildPhase;
			buildActionMask = 2147483647;
			files = (
			);
			inputPaths = (
			);
			name = "[CP] Embed Pods Frameworks";
			outputPaths = (
			);
			runOnlyForDeploymentPostprocessing = 0;
			shellPath = /bin/sh;
			shellScript = "\"${SRCROOT}/Pods/Target Support Files/Pods-XyralityEUITests/Pods-XyralityEUITests-frameworks.sh\"\n";
			showEnvVarsInLog = 0;
		};
		88B6A35E4BB3E6983E1D2458 /* [CP] Copy Pods Resources */ = {
			isa = PBXShellScriptBuildPhase;
			buildActionMask = 2147483647;
			files = (
			);
			inputPaths = (
			);
			name = "[CP] Copy Pods Resources";
			outputPaths = (
			);
			runOnlyForDeploymentPostprocessing = 0;
			shellPath = /bin/sh;
			shellScript = "\"${SRCROOT}/Pods/Target Support Files/Pods-XyralityETests/Pods-XyralityETests-resources.sh\"\n";
			showEnvVarsInLog = 0;
		};
		A89D7D7B26DC52753EA4287B /* [CP] Check Pods Manifest.lock */ = {
			isa = PBXShellScriptBuildPhase;
			buildActionMask = 2147483647;
			files = (
			);
			inputPaths = (
				"${PODS_PODFILE_DIR_PATH}/Podfile.lock",
				"${PODS_ROOT}/Manifest.lock",
			);
			name = "[CP] Check Pods Manifest.lock";
			outputPaths = (
				"$(DERIVED_FILE_DIR)/Pods-XyralityEUITests-checkManifestLockResult.txt",
			);
			runOnlyForDeploymentPostprocessing = 0;
			shellPath = /bin/sh;
			shellScript = "diff \"${PODS_PODFILE_DIR_PATH}/Podfile.lock\" \"${PODS_ROOT}/Manifest.lock\" > /dev/null\nif [ $? != 0 ] ; then\n    # print error to STDERR\n    echo \"error: The sandbox is not in sync with the Podfile.lock. Run 'pod install' or update your CocoaPods installation.\" >&2\n    exit 1\nfi\n# This output is used by Xcode 'outputs' to avoid re-running this script phase.\necho \"SUCCESS\" > \"${SCRIPT_OUTPUT_FILE_0}\"\n";
			showEnvVarsInLog = 0;
		};
		B7513740846C4B3C31A43AD5 /* [CP] Check Pods Manifest.lock */ = {
			isa = PBXShellScriptBuildPhase;
			buildActionMask = 2147483647;
			files = (
			);
			inputPaths = (
				"${PODS_PODFILE_DIR_PATH}/Podfile.lock",
				"${PODS_ROOT}/Manifest.lock",
			);
			name = "[CP] Check Pods Manifest.lock";
			outputPaths = (
				"$(DERIVED_FILE_DIR)/Pods-XyralityE-checkManifestLockResult.txt",
			);
			runOnlyForDeploymentPostprocessing = 0;
			shellPath = /bin/sh;
			shellScript = "diff \"${PODS_PODFILE_DIR_PATH}/Podfile.lock\" \"${PODS_ROOT}/Manifest.lock\" > /dev/null\nif [ $? != 0 ] ; then\n    # print error to STDERR\n    echo \"error: The sandbox is not in sync with the Podfile.lock. Run 'pod install' or update your CocoaPods installation.\" >&2\n    exit 1\nfi\n# This output is used by Xcode 'outputs' to avoid re-running this script phase.\necho \"SUCCESS\" > \"${SCRIPT_OUTPUT_FILE_0}\"\n";
			showEnvVarsInLog = 0;
		};
		ED0D886F85AD4094D301138B /* [CP] Copy Pods Resources */ = {
			isa = PBXShellScriptBuildPhase;
			buildActionMask = 2147483647;
			files = (
			);
			inputPaths = (
			);
			name = "[CP] Copy Pods Resources";
			outputPaths = (
			);
			runOnlyForDeploymentPostprocessing = 0;
			shellPath = /bin/sh;
			shellScript = "\"${SRCROOT}/Pods/Target Support Files/Pods-XyralityEUITests/Pods-XyralityEUITests-resources.sh\"\n";
			showEnvVarsInLog = 0;
		};
/* End PBXShellScriptBuildPhase section */

/* Begin PBXSourcesBuildPhase section */
		B148B8CA2032F2F5004E0710 /* Sources */ = {
			isa = PBXSourcesBuildPhase;
			buildActionMask = 2147483647;
			files = (
				B148B8D42032F2F5004E0710 /* ViewController.swift in Sources */,
				B148B9042033009A004E0710 /* JSONParser.swift in Sources */,
				B148B9002032F99A004E0710 /* AvailableWorldsController.swift in Sources */,
				B148B90220330055004E0710 /* Server.swift in Sources */,
				B148B90620331514004E0710 /* PlistToJSONConverter.swift in Sources */,
				B148B8D22032F2F5004E0710 /* AppDelegate.swift in Sources */,
				B148B90820331AB2004E0710 /* DeviceData.swift in Sources */,
			);
			runOnlyForDeploymentPostprocessing = 0;
		};
		B148B8DE2032F2F5004E0710 /* Sources */ = {
			isa = PBXSourcesBuildPhase;
			buildActionMask = 2147483647;
			files = (
				B148B8E72032F2F5004E0710 /* XyralityETests.swift in Sources */,
			);
			runOnlyForDeploymentPostprocessing = 0;
		};
		B148B8E92032F2F5004E0710 /* Sources */ = {
			isa = PBXSourcesBuildPhase;
			buildActionMask = 2147483647;
			files = (
				B148B8F22032F2F5004E0710 /* XyralityEUITests.swift in Sources */,
			);
			runOnlyForDeploymentPostprocessing = 0;
		};
/* End PBXSourcesBuildPhase section */

/* Begin PBXTargetDependency section */
		B148B8E42032F2F5004E0710 /* PBXTargetDependency */ = {
			isa = PBXTargetDependency;
			target = B148B8CD2032F2F5004E0710 /* XyralityE */;
			targetProxy = B148B8E32032F2F5004E0710 /* PBXContainerItemProxy */;
		};
		B148B8EF2032F2F5004E0710 /* PBXTargetDependency */ = {
			isa = PBXTargetDependency;
			target = B148B8CD2032F2F5004E0710 /* XyralityE */;
			targetProxy = B148B8EE2032F2F5004E0710 /* PBXContainerItemProxy */;
		};
/* End PBXTargetDependency section */

/* Begin PBXVariantGroup section */
		B148B8D52032F2F5004E0710 /* Main.storyboard */ = {
			isa = PBXVariantGroup;
			children = (
				B148B8D62032F2F5004E0710 /* Base */,
			);
			name = Main.storyboard;
			sourceTree = "<group>";
		};
		B148B8DA2032F2F5004E0710 /* LaunchScreen.storyboard */ = {
			isa = PBXVariantGroup;
			children = (
				B148B8DB2032F2F5004E0710 /* Base */,
			);
			name = LaunchScreen.storyboard;
			sourceTree = "<group>";
		};
/* End PBXVariantGroup section */

/* Begin XCBuildConfiguration section */
		B148B8F42032F2F5004E0710 /* Debug */ = {
			isa = XCBuildConfiguration;
			buildSettings = {
				ALWAYS_SEARCH_USER_PATHS = NO;
				CLANG_ANALYZER_NONNULL = YES;
				CLANG_ANALYZER_NUMBER_OBJECT_CONVERSION = YES_AGGRESSIVE;
				CLANG_CXX_LANGUAGE_STANDARD = "gnu++14";
				CLANG_CXX_LIBRARY = "libc++";
				CLANG_ENABLE_MODULES = YES;
				CLANG_ENABLE_OBJC_ARC = YES;
				CLANG_WARN_BLOCK_CAPTURE_AUTORELEASING = YES;
				CLANG_WARN_BOOL_CONVERSION = YES;
				CLANG_WARN_COMMA = YES;
				CLANG_WARN_CONSTANT_CONVERSION = YES;
				CLANG_WARN_DIRECT_OBJC_ISA_USAGE = YES_ERROR;
				CLANG_WARN_DOCUMENTATION_COMMENTS = YES;
				CLANG_WARN_EMPTY_BODY = YES;
				CLANG_WARN_ENUM_CONVERSION = YES;
				CLANG_WARN_INFINITE_RECURSION = YES;
				CLANG_WARN_INT_CONVERSION = YES;
				CLANG_WARN_NON_LITERAL_NULL_CONVERSION = YES;
				CLANG_WARN_OBJC_LITERAL_CONVERSION = YES;
				CLANG_WARN_OBJC_ROOT_CLASS = YES_ERROR;
				CLANG_WARN_RANGE_LOOP_ANALYSIS = YES;
				CLANG_WARN_STRICT_PROTOTYPES = YES;
				CLANG_WARN_SUSPICIOUS_MOVE = YES;
				CLANG_WARN_UNGUARDED_AVAILABILITY = YES_AGGRESSIVE;
				CLANG_WARN_UNREACHABLE_CODE = YES;
				CLANG_WARN__DUPLICATE_METHOD_MATCH = YES;
				CODE_SIGN_IDENTITY = "iPhone Developer";
				COPY_PHASE_STRIP = NO;
				DEBUG_INFORMATION_FORMAT = dwarf;
				ENABLE_STRICT_OBJC_MSGSEND = YES;
				ENABLE_TESTABILITY = YES;
				GCC_C_LANGUAGE_STANDARD = gnu11;
				GCC_DYNAMIC_NO_PIC = NO;
				GCC_NO_COMMON_BLOCKS = YES;
				GCC_OPTIMIZATION_LEVEL = 0;
				GCC_PREPROCESSOR_DEFINITIONS = (
					"DEBUG=1",
					"$(inherited)",
				);
				GCC_WARN_64_TO_32_BIT_CONVERSION = YES;
				GCC_WARN_ABOUT_RETURN_TYPE = YES_ERROR;
				GCC_WARN_UNDECLARED_SELECTOR = YES;
				GCC_WARN_UNINITIALIZED_AUTOS = YES_AGGRESSIVE;
				GCC_WARN_UNUSED_FUNCTION = YES;
				GCC_WARN_UNUSED_VARIABLE = YES;
				IPHONEOS_DEPLOYMENT_TARGET = 11.0;
				MTL_ENABLE_DEBUG_INFO = YES;
				ONLY_ACTIVE_ARCH = YES;
				SDKROOT = iphoneos;
				SWIFT_ACTIVE_COMPILATION_CONDITIONS = DEBUG;
				SWIFT_OPTIMIZATION_LEVEL = "-Onone";
			};
			name = Debug;
		};
		B148B8F52032F2F5004E0710 /* Release */ = {
			isa = XCBuildConfiguration;
			buildSettings = {
				ALWAYS_SEARCH_USER_PATHS = NO;
				CLANG_ANALYZER_NONNULL = YES;
				CLANG_ANALYZER_NUMBER_OBJECT_CONVERSION = YES_AGGRESSIVE;
				CLANG_CXX_LANGUAGE_STANDARD = "gnu++14";
				CLANG_CXX_LIBRARY = "libc++";
				CLANG_ENABLE_MODULES = YES;
				CLANG_ENABLE_OBJC_ARC = YES;
				CLANG_WARN_BLOCK_CAPTURE_AUTORELEASING = YES;
				CLANG_WARN_BOOL_CONVERSION = YES;
				CLANG_WARN_COMMA = YES;
				CLANG_WARN_CONSTANT_CONVERSION = YES;
				CLANG_WARN_DIRECT_OBJC_ISA_USAGE = YES_ERROR;
				CLANG_WARN_DOCUMENTATION_COMMENTS = YES;
				CLANG_WARN_EMPTY_BODY = YES;
				CLANG_WARN_ENUM_CONVERSION = YES;
				CLANG_WARN_INFINITE_RECURSION = YES;
				CLANG_WARN_INT_CONVERSION = YES;
				CLANG_WARN_NON_LITERAL_NULL_CONVERSION = YES;
				CLANG_WARN_OBJC_LITERAL_CONVERSION = YES;
				CLANG_WARN_OBJC_ROOT_CLASS = YES_ERROR;
				CLANG_WARN_RANGE_LOOP_ANALYSIS = YES;
				CLANG_WARN_STRICT_PROTOTYPES = YES;
				CLANG_WARN_SUSPICIOUS_MOVE = YES;
				CLANG_WARN_UNGUARDED_AVAILABILITY = YES_AGGRESSIVE;
				CLANG_WARN_UNREACHABLE_CODE = YES;
				CLANG_WARN__DUPLICATE_METHOD_MATCH = YES;
				CODE_SIGN_IDENTITY = "iPhone Developer";
				COPY_PHASE_STRIP = NO;
				DEBUG_INFORMATION_FORMAT = "dwarf-with-dsym";
				ENABLE_NS_ASSERTIONS = NO;
				ENABLE_STRICT_OBJC_MSGSEND = YES;
				GCC_C_LANGUAGE_STANDARD = gnu11;
				GCC_NO_COMMON_BLOCKS = YES;
				GCC_WARN_64_TO_32_BIT_CONVERSION = YES;
				GCC_WARN_ABOUT_RETURN_TYPE = YES_ERROR;
				GCC_WARN_UNDECLARED_SELECTOR = YES;
				GCC_WARN_UNINITIALIZED_AUTOS = YES_AGGRESSIVE;
				GCC_WARN_UNUSED_FUNCTION = YES;
				GCC_WARN_UNUSED_VARIABLE = YES;
				IPHONEOS_DEPLOYMENT_TARGET = 11.0;
				MTL_ENABLE_DEBUG_INFO = NO;
				SDKROOT = iphoneos;
				SWIFT_OPTIMIZATION_LEVEL = "-Owholemodule";
				VALIDATE_PRODUCT = YES;
			};
			name = Release;
		};
		B148B8F72032F2F5004E0710 /* Debug */ = {
			isa = XCBuildConfiguration;
			baseConfigurationReference = CF94AC055460216EA64B723F /* Pods-XyralityE.debug.xcconfig */;
			buildSettings = {
				ASSETCATALOG_COMPILER_APPICON_NAME = AppIcon;
				CODE_SIGN_STYLE = Automatic;
				DEVELOPMENT_TEAM = 42HSZXZUT7;
				INFOPLIST_FILE = XyralityE/Info.plist;
				LD_RUNPATH_SEARCH_PATHS = "$(inherited) @executable_path/Frameworks";
				PRODUCT_BUNDLE_IDENTIFIER = hilton.XyralityE;
				PRODUCT_NAME = "$(TARGET_NAME)";
				SWIFT_VERSION = 4.0;
				TARGETED_DEVICE_FAMILY = "1,2";
			};
			name = Debug;
		};
		B148B8F82032F2F5004E0710 /* Release */ = {
			isa = XCBuildConfiguration;
			baseConfigurationReference = 07BD4C3A208B310D7C970412 /* Pods-XyralityE.release.xcconfig */;
			buildSettings = {
				ASSETCATALOG_COMPILER_APPICON_NAME = AppIcon;
				CODE_SIGN_STYLE = Automatic;
				DEVELOPMENT_TEAM = 42HSZXZUT7;
				INFOPLIST_FILE = XyralityE/Info.plist;
				LD_RUNPATH_SEARCH_PATHS = "$(inherited) @executable_path/Frameworks";
				PRODUCT_BUNDLE_IDENTIFIER = hilton.XyralityE;
				PRODUCT_NAME = "$(TARGET_NAME)";
				SWIFT_VERSION = 4.0;
				TARGETED_DEVICE_FAMILY = "1,2";
			};
			name = Release;
		};
		B148B8FA2032F2F5004E0710 /* Debug */ = {
			isa = XCBuildConfiguration;
			baseConfigurationReference = 4A6458B614C4209A578E227D /* Pods-XyralityETests.debug.xcconfig */;
			buildSettings = {
				ALWAYS_EMBED_SWIFT_STANDARD_LIBRARIES = YES;
				BUNDLE_LOADER = "$(TEST_HOST)";
				CODE_SIGN_STYLE = Automatic;
				DEVELOPMENT_TEAM = 42HSZXZUT7;
				INFOPLIST_FILE = XyralityETests/Info.plist;
				LD_RUNPATH_SEARCH_PATHS = "$(inherited) @executable_path/Frameworks @loader_path/Frameworks";
				PRODUCT_BUNDLE_IDENTIFIER = hilton.XyralityETests;
				PRODUCT_NAME = "$(TARGET_NAME)";
				SWIFT_VERSION = 4.0;
				TARGETED_DEVICE_FAMILY = "1,2";
				TEST_HOST = "$(BUILT_PRODUCTS_DIR)/XyralityE.app/XyralityE";
			};
			name = Debug;
		};
		B148B8FB2032F2F5004E0710 /* Release */ = {
			isa = XCBuildConfiguration;
			baseConfigurationReference = 9417BE21A7FAC002D5BB368D /* Pods-XyralityETests.release.xcconfig */;
			buildSettings = {
				ALWAYS_EMBED_SWIFT_STANDARD_LIBRARIES = YES;
				BUNDLE_LOADER = "$(TEST_HOST)";
				CODE_SIGN_STYLE = Automatic;
				DEVELOPMENT_TEAM = 42HSZXZUT7;
				INFOPLIST_FILE = XyralityETests/Info.plist;
				LD_RUNPATH_SEARCH_PATHS = "$(inherited) @executable_path/Frameworks @loader_path/Frameworks";
				PRODUCT_BUNDLE_IDENTIFIER = hilton.XyralityETests;
				PRODUCT_NAME = "$(TARGET_NAME)";
				SWIFT_VERSION = 4.0;
				TARGETED_DEVICE_FAMILY = "1,2";
				TEST_HOST = "$(BUILT_PRODUCTS_DIR)/XyralityE.app/XyralityE";
			};
			name = Release;
		};
		B148B8FD2032F2F5004E0710 /* Debug */ = {
			isa = XCBuildConfiguration;
			baseConfigurationReference = 5F2739FE58CF9165DF8A5229 /* Pods-XyralityEUITests.debug.xcconfig */;
			buildSettings = {
				ALWAYS_EMBED_SWIFT_STANDARD_LIBRARIES = YES;
				CODE_SIGN_STYLE = Automatic;
				DEVELOPMENT_TEAM = 42HSZXZUT7;
				INFOPLIST_FILE = XyralityEUITests/Info.plist;
				LD_RUNPATH_SEARCH_PATHS = "$(inherited) @executable_path/Frameworks @loader_path/Frameworks";
				PRODUCT_BUNDLE_IDENTIFIER = hilton.XyralityEUITests;
				PRODUCT_NAME = "$(TARGET_NAME)";
				SWIFT_VERSION = 4.0;
				TARGETED_DEVICE_FAMILY = "1,2";
				TEST_TARGET_NAME = XyralityE;
			};
			name = Debug;
		};
		B148B8FE2032F2F5004E0710 /* Release */ = {
			isa = XCBuildConfiguration;
			baseConfigurationReference = 0283FF22F2F8B7467AD8BA6C /* Pods-XyralityEUITests.release.xcconfig */;
			buildSettings = {
				ALWAYS_EMBED_SWIFT_STANDARD_LIBRARIES = YES;
				CODE_SIGN_STYLE = Automatic;
				DEVELOPMENT_TEAM = 42HSZXZUT7;
				INFOPLIST_FILE = XyralityEUITests/Info.plist;
				LD_RUNPATH_SEARCH_PATHS = "$(inherited) @executable_path/Frameworks @loader_path/Frameworks";
				PRODUCT_BUNDLE_IDENTIFIER = hilton.XyralityEUITests;
				PRODUCT_NAME = "$(TARGET_NAME)";
				SWIFT_VERSION = 4.0;
				TARGETED_DEVICE_FAMILY = "1,2";
				TEST_TARGET_NAME = XyralityE;
			};
			name = Release;
		};
/* End XCBuildConfiguration section */

/* Begin XCConfigurationList section */
		B148B8C92032F2F4004E0710 /* Build configuration list for PBXProject "XyralityE" */ = {
			isa = XCConfigurationList;
			buildConfigurations = (
				B148B8F42032F2F5004E0710 /* Debug */,
				B148B8F52032F2F5004E0710 /* Release */,
			);
			defaultConfigurationIsVisible = 0;
			defaultConfigurationName = Release;
		};
		B148B8F62032F2F5004E0710 /* Build configuration list for PBXNativeTarget "XyralityE" */ = {
			isa = XCConfigurationList;
			buildConfigurations = (
				B148B8F72032F2F5004E0710 /* Debug */,
				B148B8F82032F2F5004E0710 /* Release */,
			);
			defaultConfigurationIsVisible = 0;
			defaultConfigurationName = Release;
		};
		B148B8F92032F2F5004E0710 /* Build configuration list for PBXNativeTarget "XyralityETests" */ = {
			isa = XCConfigurationList;
			buildConfigurations = (
				B148B8FA2032F2F5004E0710 /* Debug */,
				B148B8FB2032F2F5004E0710 /* Release */,
			);
			defaultConfigurationIsVisible = 0;
			defaultConfigurationName = Release;
		};
		B148B8FC2032F2F5004E0710 /* Build configuration list for PBXNativeTarget "XyralityEUITests" */ = {
			isa = XCConfigurationList;
			buildConfigurations = (
				B148B8FD2032F2F5004E0710 /* Debug */,
				B148B8FE2032F2F5004E0710 /* Release */,
			);
			defaultConfigurationIsVisible = 0;
			defaultConfigurationName = Release;
		};
/* End XCConfigurationList section */
	};
	rootObject = B148B8C62032F2F4004E0710 /* Project object */;
}
